
Microsoft Visual Studio Solution File, Format Version 12.00
Project("{2150E333-8FDC-42A3-9474-1A3956D46DE8}") = "mainIdentity", "mainIdentity", "{AD5E5293-83D5-4EA6-B9F0-CD60E0B904B9}"
EndProject
Project("{FAE04EC0-301F-11D3-BF4B-00C04F79EFBC}") = "Pagecom.identity.mainApp", "Pagecom.identity.mainApp\Pagecom.identity.mainApp.csproj", "{0E323A13-9613-4AB5-88D4-9F6834C136AB}"
EndProject
Global
	GlobalSection(SolutionConfigurationPlatforms) = preSolution
		Debug|Any CPU = Debug|Any CPU
		Release|Any CPU = Release|Any CPU
	EndGlobalSection
	GlobalSection(NestedProjects) = preSolution
		{0E323A13-9613-4AB5-88D4-9F6834C136AB} = {AD5E5293-83D5-4EA6-B9F0-CD60E0B904B9}
	EndGlobalSection
	GlobalSection(ProjectConfigurationPlatforms) = postSolution
		{0E323A13-9613-4AB5-88D4-9F6834C136AB}.Debug|Any CPU.ActiveCfg = Debug|Any CPU
		{0E323A13-9613-4AB5-88D4-9F6834C136AB}.Debug|Any CPU.Build.0 = Debug|Any CPU
		{0E323A13-9613-4AB5-88D4-9F6834C136AB}.Release|Any CPU.ActiveCfg = Release|Any CPU
		{0E323A13-9613-4AB5-88D4-9F6834C136AB}.Release|Any CPU.Build.0 = Release|Any CPU
	EndGlobalSection
EndGlobal
